<?xml version="1.0" encoding="utf-8"?>
<Project ToolsVersion="4.0" xmlns="http://schemas.microsoft.com/developer/msbuild/2003">
  <ItemGroup>
    <Filter Include="Source Files">
      <UniqueIdentifier>{4FC737F1-C7A5-4376-A066-2A32D752A2FF}</UniqueIdentifier>
      <Extensions>cpp;c;cc;cxx;c++;cppm;ixx;def;odl;idl;hpj;bat;asm;asmx</Extensions>
    </Filter>
    <Filter Include="Header Files">
      <UniqueIdentifier>{93995380-89BD-4b04-88EB-625FBE52EBFB}</UniqueIdentifier>
      <Extensions>h;hh;hpp;hxx;h++;hm;inl;inc;ipp;xsd</Extensions>
    </Filter>
    <Filter Include="Resource Files">
      <UniqueIdentifier>{67DA6AB6-F800-4c08-8B7A-83BB121AAD01}</UniqueIdentifier>
      <Extensions>rc;ico;cur;bmp;dlg;rc2;rct;bin;rgs;gif;jpg;jpeg;jpe;resx;tiff;tif;png;wav;mfcribbon-ms</Extensions>
    </Filter>
    <Filter Include="Utils">
      <UniqueIdentifier>{055d4a8a-cf72-4966-b458-58ffbac4bec2}</UniqueIdentifier>
    </Filter>
  </ItemGroup>
  <ItemGroup>
    <ClInclude Include="targetver.h">
      <Filter>Header Files</Filter>
    </ClInclude>
    <ClInclude Include="Resource.h">
      <Filter>Header Files</Filter>
    </ClInclude>
    <ClInclude Include="Browser.h">
      <Filter>Header Files</Filter>
    </ClInclude>
    <ClInclude Include="CefView\BrowserWindow.h">
      <Filter>Header Files</Filter>
    </ClInclude>
    <ClInclude Include="CefView\ClientApp.h">
      <Filter>Header Files</Filter>
    </ClInclude>
    <ClInclude Include="CefView\ClientAppBrowser.h">
      <Filter>Header Files</Filter>
    </ClInclude>
    <ClInclude Include="CefView\ClientAppRenderer.h">
      <Filter>Header Files</Filter>
    </ClInclude>
    <ClInclude Include="CefView\ClientHandler.h">
      <Filter>Header Files</Filter>
    </ClInclude>
    <ClInclude Include="CefView\ClientRenderDelegate.h">
      <Filter>Header Files</Filter>
    </ClInclude>
    <ClInclude Include="CefView\ClientRunner.h">
      <Filter>Header Files</Filter>
    </ClInclude>
    <ClInclude Include="CefView\ClientSwitches.h">
      <Filter>Header Files</Filter>
    </ClInclude>
    <ClInclude Include="CefView\MainMessageLoop.h">
      <Filter>Header Files</Filter>
    </ClInclude>
    <ClInclude Include="CefView\PerfTest.h">
      <Filter>Header Files</Filter>
    </ClInclude>
    <ClInclude Include="CefView\TempWindow.h">
      <Filter>Header Files</Filter>
    </ClInclude>
    <ClInclude Include="BrowserDlg.h">
      <Filter>Header Files</Filter>
    </ClInclude>
    <ClInclude Include="BrowserDlgManager.h">
      <Filter>Header Files</Filter>
    </ClInclude>
    <ClInclude Include="BrowserUI.h">
      <Filter>Header Files</Filter>
    </ClInclude>
    <ClInclude Include="MainContext.h">
      <Filter>Header Files</Filter>
    </ClInclude>
    <ClInclude Include="TitleUI.h">
      <Filter>Header Files</Filter>
    </ClInclude>
    <ClInclude Include="stdafx.h">
      <Filter>Header Files</Filter>
    </ClInclude>
    <ClInclude Include="CefView\ResourceUtil.h">
      <Filter>Header Files</Filter>
    </ClInclude>
    <ClInclude Include="version.h">
      <Filter>Header Files</Filter>
    </ClInclude>
  </ItemGroup>
  <ItemGroup>
    <ClCompile Include="Browser.cpp">
      <Filter>Source Files</Filter>
    </ClCompile>
    <ClCompile Include="CefView\BrowserWindow.cpp">
      <Filter>Source Files</Filter>
    </ClCompile>
    <ClCompile Include="CefView\ClientApp.cpp">
      <Filter>Source Files</Filter>
    </ClCompile>
    <ClCompile Include="CefView\ClientAppBrowser.cpp">
      <Filter>Source Files</Filter>
    </ClCompile>
    <ClCompile Include="CefView\ClientAppRenderer.cpp">
      <Filter>Source Files</Filter>
    </ClCompile>
    <ClCompile Include="CefView\ClientHandler.cpp">
      <Filter>Source Files</Filter>
    </ClCompile>
    <ClCompile Include="CefView\ClientRenderDelegate.cpp">
      <Filter>Source Files</Filter>
    </ClCompile>
    <ClCompile Include="CefView\ClientRunner.cpp">
      <Filter>Source Files</Filter>
    </ClCompile>
    <ClCompile Include="CefView\ClientSwitches.cpp">
      <Filter>Source Files</Filter>
    </ClCompile>
    <ClCompile Include="CefView\MainMessageLoop.cpp">
      <Filter>Source Files</Filter>
    </ClCompile>
    <ClCompile Include="CefView\PerfTest.cpp">
      <Filter>Source Files</Filter>
    </ClCompile>
    <ClCompile Include="CefView\TempWindow.cpp">
      <Filter>Source Files</Filter>
    </ClCompile>
    <ClCompile Include="BrowserDlg.cpp">
      <Filter>Source Files</Filter>
    </ClCompile>
    <ClCompile Include="BrowserDlgManager.cpp">
      <Filter>Source Files</Filter>
    </ClCompile>
    <ClCompile Include="BrowserUI.cpp">
      <Filter>Source Files</Filter>
    </ClCompile>
    <ClCompile Include="MainContext.cpp">
      <Filter>Source Files</Filter>
    </ClCompile>
    <ClCompile Include="TitleUI.cpp">
      <Filter>Source Files</Filter>
    </ClCompile>
    <ClCompile Include="stdafx.cpp">
      <Filter>Source Files</Filter>
    </ClCompile>
    <ClCompile Include="CefView\ResourceUtil.cpp">
      <Filter>Source Files</Filter>
    </ClCompile>
  </ItemGroup>
  <ItemGroup>
    <ResourceCompile Include="Browser.rc">
      <Filter>Resource Files</Filter>
    </ResourceCompile>
  </ItemGroup>
  <ItemGroup>
    <Image Include="small.ico">
      <Filter>Resource Files</Filter>
    </Image>
    <Image Include="Browser.ico">
      <Filter>Resource Files</Filter>
    </Image>
  </ItemGroup>
  <ItemGroup>
    <None Include="browser.zip" />
  </ItemGroup>
  <ItemGroup>
    <Manifest Include="cef.exe.manifest" />
  </ItemGroup>
</Project>